// !$*UTF8*$!
{
	archiveVersion = 1;
	classes = {
	};
	objectVersion = 46;
	objects = {

/* Begin PBXFileReference section */
		C768A413169B1E96006F60D4 /* lar.py */ = {isa = PBXFileReference; fileEncoding = 4; lastKnownFileType = text.script.python; path = lar.py; sourceTree = "<group>"; };
		C768A41A169BE83B006F60D4 /* test.py */ = {isa = PBXFileReference; fileEncoding = 4; lastKnownFileType = text.script.python; path = test.py; sourceTree = "<group>"; };
		C768A41B16A27969006F60D4 /* facets.py */ = {isa = PBXFileReference; fileEncoding = 4; lastKnownFileType = text.script.python; path = facets.py; sourceTree = "<group>"; };
		C768A41C16A411C8006F60D4 /* doc.md */ = {isa = PBXFileReference; fileEncoding = 4; lastKnownFileType = text; path = doc.md; sourceTree = "<group>"; };
		C768A41D16ABA261006F60D4 /* cochains.py */ = {isa = PBXFileReference; fileEncoding = 4; lastKnownFileType = text.script.python; path = cochains.py; sourceTree = "<group>"; };
/* End PBXFileReference section */

/* Begin PBXGroup section */
		C768A406169B1DED006F60D4 = {
			isa = PBXGroup;
			children = (
				C768A413169B1E96006F60D4 /* lar.py */,
				C768A41D16ABA261006F60D4 /* cochains.py */,
				C768A41A169BE83B006F60D4 /* test.py */,
				C768A41B16A27969006F60D4 /* facets.py */,
				C768A41C16A411C8006F60D4 /* doc.md */,
			);
			sourceTree = "<group>";
		};
/* End PBXGroup section */

/* Begin PBXLegacyTarget section */
		C768A40D169B1DED006F60D4 /* larpy */ = {
			isa = PBXLegacyTarget;
			buildArgumentsString = "$(ACTION)";
			buildConfigurationList = C768A410169B1DEE006F60D4 /* Build configuration list for PBXLegacyTarget "larpy" */;
			buildPhases = (
			);
			buildToolPath = /usr/local/bin/ipython;
			dependencies = (
			);
			name = larpy;
			passBuildSettingsInEnvironment = 1;
			productName = larpy;
		};
/* End PBXLegacyTarget section */

/* Begin PBXProject section */
		C768A408169B1DED006F60D4 /* Project object */ = {
			isa = PBXProject;
			attributes = {
				LastUpgradeCheck = 0450;
				ORGANIZATIONNAME = "Alberto Paoluzzi";
			};
			buildConfigurationList = C768A40B169B1DED006F60D4 /* Build configuration list for PBXProject "larpy" */;
			compatibilityVersion = "Xcode 3.2";
			developmentRegion = English;
			hasScannedForEncodings = 0;
			knownRegions = (
				en,
			);
			mainGroup = C768A406169B1DED006F60D4;
			projectDirPath = "";
			projectRoot = "";
			targets = (
				C768A40D169B1DED006F60D4 /* larpy */,
			);
		};
/* End PBXProject section */

/* Begin XCBuildConfiguration section */
		C768A40E169B1DEE006F60D4 /* Debug */ = {
			isa = XCBuildConfiguration;
			buildSettings = {
				ALWAYS_SEARCH_USER_PATHS = NO;
				ARCHS = "$(ARCHS_STANDARD_64_BIT)";
				CLANG_CXX_LANGUAGE_STANDARD = "gnu++0x";
				CLANG_CXX_LIBRARY = "libc++";
				CLANG_WARN_EMPTY_BODY = YES;
				CLANG_WARN__DUPLICATE_METHOD_MATCH = YES;
				COPY_PHASE_STRIP = NO;
				GCC_C_LANGUAGE_STANDARD = gnu99;
				GCC_DYNAMIC_NO_PIC = NO;
				GCC_ENABLE_OBJC_EXCEPTIONS = YES;
				GCC_OPTIMIZATION_LEVEL = 0;
				GCC_PREPROCESSOR_DEFINITIONS = (
					"DEBUG=1",
					"$(inherited)",
				);
				GCC_SYMBOLS_PRIVATE_EXTERN = NO;
				GCC_WARN_64_TO_32_BIT_CONVERSION = YES;
				GCC_WARN_ABOUT_RETURN_TYPE = YES;
				GCC_WARN_UNINITIALIZED_AUTOS = YES;
				GCC_WARN_UNUSED_VARIABLE = YES;
				MACOSX_DEPLOYMENT_TARGET = 10.8;
				ONLY_ACTIVE_ARCH = YES;
				SDKROOT = macosx;
			};
			name = Debug;
		};
		C768A40F169B1DEE006F60D4 /* Release */ = {
			isa = XCBuildConfiguration;
			buildSettings = {
				ALWAYS_SEARCH_USER_PATHS = NO;
				ARCHS = "$(ARCHS_STANDARD_64_BIT)";
				CLANG_CXX_LANGUAGE_STANDARD = "gnu++0x";
				CLANG_CXX_LIBRARY = "libc++";
				CLANG_WARN_EMPTY_BODY = YES;
				CLANG_WARN__DUPLICATE_METHOD_MATCH = YES;
				COPY_PHASE_STRIP = YES;
				DEBUG_INFORMATION_FORMAT = "dwarf-with-dsym";
				GCC_C_LANGUAGE_STANDARD = gnu99;
				GCC_ENABLE_OBJC_EXCEPTIONS = YES;
				GCC_WARN_64_TO_32_BIT_CONVERSION = YES;
				GCC_WARN_ABOUT_RETURN_TYPE = YES;
				GCC_WARN_UNINITIALIZED_AUTOS = YES;
				GCC_WARN_UNUSED_VARIABLE = YES;
				MACOSX_DEPLOYMENT_TARGET = 10.8;
				SDKROOT = macosx;
			};
			name = Release;
		};
		C768A411169B1DEE006F60D4 /* Debug */ = {
			isa = XCBuildConfiguration;
			buildSettings = {
				DEBUGGING_SYMBOLS = YES;
				GCC_GENERATE_DEBUGGING_SYMBOLS = YES;
				GCC_OPTIMIZATION_LEVEL = 0;
				OTHER_CFLAGS = "";
				OTHER_LDFLAGS = "";
				PRODUCT_NAME = "$(TARGET_NAME)";
			};
			name = Debug;
		};
		C768A412169B1DEE006F60D4 /* Release */ = {
			isa = XCBuildConfiguration;
			buildSettings = {
				OTHER_CFLAGS = "";
				OTHER_LDFLAGS = "";
				PRODUCT_NAME = "$(TARGET_NAME)";
			};
			name = Release;
		};
/* End XCBuildConfiguration section */

/* Begin XCConfigurationList section */
		C768A40B169B1DED006F60D4 /* Build configuration list for PBXProject "larpy" */ = {
			isa = XCConfigurationList;
			buildConfigurations = (
				C768A40E169B1DEE006F60D4 /* Debug */,
				C768A40F169B1DEE006F60D4 /* Release */,
			);
			defaultConfigurationIsVisible = 0;
			defaultConfigurationName = Release;
		};
		C768A410169B1DEE006F60D4 /* Build configuration list for PBXLegacyTarget "larpy" */ = {
			isa = XCConfigurationList;
			buildConfigurations = (
				C768A411169B1DEE006F60D4 /* Debug */,
				C768A412169B1DEE006F60D4 /* Release */,
			);
			defaultConfigurationIsVisible = 0;
			defaultConfigurationName = Release;
		};
/* End XCConfigurationList section */
	};
	rootObject = C768A408169B1DED006F60D4 /* Project object */;
}
